PODS:
  - Capacitor (6.2.1):
    - CapacitorCordova
  - CapacitorApp (6.0.3):
    - Capacitor
  - CapacitorCordova (6.2.1)
  - PurchasesHybridCommon (14.3.0):
    - RevenueCat (= 5.32.0)
  - RevenueCat (5.32.0)
  - RevenuecatPurchasesCapacitor (10.4.0):
    - Capacitor
    - PurchasesHybridCommon (= 14.3.0)

DEPENDENCIES:
  - "Capacitor (from `../../node_modules/@capacitor/ios`)"
  - "CapacitorApp (from `../../node_modules/@capacitor/app`)"
  - "CapacitorCordova (from `../../node_modules/@capacitor/ios`)"
  - "RevenuecatPurchasesCapacitor (from `../../node_modules/@revenuecat/purchases-capacitor`)"

SPEC REPOS:
  trunk:
    - PurchasesHybridCommon
    - RevenueCat

EXTERNAL SOURCES:
  Capacitor:
    :path: "../../node_modules/@capacitor/ios"
  CapacitorApp:
    :path: "../../node_modules/@capacitor/app"
  CapacitorCordova:
    :path: "../../node_modules/@capacitor/ios"
  RevenuecatPurchasesCapacitor:
    :path: "../../node_modules/@revenuecat/purchases-capacitor"

SPEC CHECKSUMS:
  Capacitor: c95400d761e376be9da6be5a05f226c0e865cebf
  CapacitorApp: a19ccb4f5f32d2534be5c6f524d5a9b614a1e8a7
  CapacitorCordova: 8d93e14982f440181be7304aa9559ca631d77fff
  PurchasesHybridCommon: 7f0944cc5411bdcd1ea5d69affa6a6f9aaf87b13
  RevenueCat: 7e1d0768fb287c9983173c9b28e39ccbeeb828a9
  RevenuecatPurchasesCapacitor: c84ce1cd5253bf22758c28decfb4313267cabb2c

PODFILE CHECKSUM: d94d5097c929bf05f8532812caae291337545eda

COCOAPODS: 1.16.2
